<Solution>
  <Project Path="AuthenticationService/AuthenticationService.csproj" Id="893720d3-7a74-4739-854c-20507512cea9" />
  <Project Path="docker-compose.dcproj">
    <Build />
  </Project>
  <Project Path="FCE/FCE.csproj" Id="1b1b3148-176b-4b15-93f6-e7467ea95ad0" />
  <Project Path="FitnessApp/FitnessApp.csproj" />
</Solution>
